
Microsoft Visual Studio Solution File, Format Version 12.00
# Visual Studio Version 18
VisualStudioVersion = 18.4.11605.240
MinimumVisualStudioVersion = 10.0.40219.1
Project("{2150E333-8FDC-42A3-9474-1A3956D46DE8}") = "ModLoaderFramework", "ModLoaderFramework", "{C7CF0350-E2A4-4037-869C-066081781D1C}"
EndProject
Project("{2150E333-8FDC-42A3-9474-1A3956D46DE8}") = "Mods", "Mods", "{02EA681E-C7D8-13C7-8484-4AC65E1B71E8}"
EndProject
Project("{FAE04EC0-301F-11D3-BF4B-00C04F79EFBC}") = "ModLoader", "CastleForge\ModLoaderFramework\ModLoader\ModLoader.csproj", "{9EE7A8EC-3C1B-4299-B737-052F5EBC55D8}"
EndProject
Project("{FAE04EC0-301F-11D3-BF4B-00C04F79EFBC}") = "ModLoaderExtensions", "CastleForge\ModLoaderFramework\ModLoaderExtensions\ModLoaderExtensions.csproj", "{1A6E69B6-4CEA-4237-87DE-483F6EAD7DF5}"
	ProjectSection(ProjectDependencies) = postProject
		{9EE7A8EC-3C1B-4299-B737-052F5EBC55D8} = {9EE7A8EC-3C1B-4299-B737-052F5EBC55D8}
	EndProjectSection
EndProject
Project("{FAE04EC0-301F-11D3-BF4B-00C04F79EFBC}") = "WorldEdit", "CastleForge\Mods\WorldEdit\WorldEdit.csproj", "{F3310551-1028-4447-BEB6-97DBC96C5869}"
	ProjectSection(ProjectDependencies) = postProject
		{1A6E69B6-4CEA-4237-87DE-483F6EAD7DF5} = {1A6E69B6-4CEA-4237-87DE-483F6EAD7DF5}
		{9EE7A8EC-3C1B-4299-B737-052F5EBC55D8} = {9EE7A8EC-3C1B-4299-B737-052F5EBC55D8}
	EndProjectSection
EndProject
Project("{FAE04EC0-301F-11D3-BF4B-00C04F79EFBC}") = "Example", "CastleForge\Mods\Example\Example.csproj", "{1D0E8C78-B07C-4757-B182-EE76F702180D}"
	ProjectSection(ProjectDependencies) = postProject
		{1A6E69B6-4CEA-4237-87DE-483F6EAD7DF5} = {1A6E69B6-4CEA-4237-87DE-483F6EAD7DF5}
		{9EE7A8EC-3C1B-4299-B737-052F5EBC55D8} = {9EE7A8EC-3C1B-4299-B737-052F5EBC55D8}
	EndProjectSection
EndProject
Project("{FAE04EC0-301F-11D3-BF4B-00C04F79EFBC}") = "BruteForceJoin", "CastleForge\Mods\BruteForceJoin\BruteForceJoin.csproj", "{3A158618-3150-4314-8940-17839E4F0FE9}"
	ProjectSection(ProjectDependencies) = postProject
		{9EE7A8EC-3C1B-4299-B737-052F5EBC55D8} = {9EE7A8EC-3C1B-4299-B737-052F5EBC55D8}
	EndProjectSection
EndProject
Project("{FAE04EC0-301F-11D3-BF4B-00C04F79EFBC}") = "WorldEditCUI", "CastleForge\Mods\WorldEditCUI\WorldEditCUI.csproj", "{0C22B962-FDC9-4EFB-B8E5-F705B1212552}"
	ProjectSection(ProjectDependencies) = postProject
		{1A6E69B6-4CEA-4237-87DE-483F6EAD7DF5} = {1A6E69B6-4CEA-4237-87DE-483F6EAD7DF5}
		{9EE7A8EC-3C1B-4299-B737-052F5EBC55D8} = {9EE7A8EC-3C1B-4299-B737-052F5EBC55D8}
		{F3310551-1028-4447-BEB6-97DBC96C5869} = {F3310551-1028-4447-BEB6-97DBC96C5869}
	EndProjectSection
EndProject
Project("{FAE04EC0-301F-11D3-BF4B-00C04F79EFBC}") = "CastleWallsMk2", "CastleForge\Mods\CastleWallsMk2\CastleWallsMk2.csproj", "{7766DF4B-9523-4EA6-BC8C-371526B819EB}"
	ProjectSection(ProjectDependencies) = postProject
		{1A6E69B6-4CEA-4237-87DE-483F6EAD7DF5} = {1A6E69B6-4CEA-4237-87DE-483F6EAD7DF5}
		{9EE7A8EC-3C1B-4299-B737-052F5EBC55D8} = {9EE7A8EC-3C1B-4299-B737-052F5EBC55D8}
	EndProjectSection
EndProject
Project("{FAE04EC0-301F-11D3-BF4B-00C04F79EFBC}") = "NetworkSniffer", "CastleForge\Mods\NetworkSniffer\NetworkSniffer.csproj", "{51648BC8-9ED3-45D0-AD36-575E5188F800}"
	ProjectSection(ProjectDependencies) = postProject
		{9EE7A8EC-3C1B-4299-B737-052F5EBC55D8} = {9EE7A8EC-3C1B-4299-B737-052F5EBC55D8}
	EndProjectSection
EndProject
Project("{FAE04EC0-301F-11D3-BF4B-00C04F79EFBC}") = "VoiceChat", "CastleForge\Mods\VoiceChat\VoiceChat.csproj", "{59F23D9D-2EA6-4E58-8740-6632554267BA}"
	ProjectSection(ProjectDependencies) = postProject
		{9EE7A8EC-3C1B-4299-B737-052F5EBC55D8} = {9EE7A8EC-3C1B-4299-B737-052F5EBC55D8}
	EndProjectSection
EndProject
Project("{FAE04EC0-301F-11D3-BF4B-00C04F79EFBC}") = "TooManyItems", "CastleForge\Mods\TooManyItems\TooManyItems.csproj", "{D0080402-73F5-46C2-B3AE-E28BD12F992D}"
	ProjectSection(ProjectDependencies) = postProject
		{1A6E69B6-4CEA-4237-87DE-483F6EAD7DF5} = {1A6E69B6-4CEA-4237-87DE-483F6EAD7DF5}
	EndProjectSection
EndProject
Project("{FAE04EC0-301F-11D3-BF4B-00C04F79EFBC}") = "FastBoot", "CastleForge\Mods\FastBoot\FastBoot.csproj", "{D27CD2C5-AADD-4B6A-80F8-8B00041D4CFD}"
EndProject
Project("{FAE04EC0-301F-11D3-BF4B-00C04F79EFBC}") = "WorldEditPixelart", "CastleForge\Mods\WorldEditPixelart\WorldEditPixelart.csproj", "{0937BDC7-4E06-4CD4-8C78-AE794930B606}"
EndProject
Project("{FAE04EC0-301F-11D3-BF4B-00C04F79EFBC}") = "TexturePacks", "CastleForge\Mods\TexturePacks\TexturePacks.csproj", "{BB6AF0C7-DBBD-4138-87D5-1EFE764E3F47}"
EndProject
Project("{FAE04EC0-301F-11D3-BF4B-00C04F79EFBC}") = "TacticalNuke", "CastleForge\Mods\TacticalNuke\TacticalNuke.csproj", "{9B0EBC49-0874-4B4B-A9E7-F8BF2959AC5B}"
EndProject
Project("{FAE04EC0-301F-11D3-BF4B-00C04F79EFBC}") = "MoreAchievements", "CastleForge\Mods\MoreAchievements\MoreAchievements.csproj", "{3DBFF608-38AD-46FF-A578-49EF0E6FD914}"
EndProject
Project("{FAE04EC0-301F-11D3-BF4B-00C04F79EFBC}") = "InfiniteGPS", "CastleForge\Mods\InfiniteGPS\InfiniteGPS.csproj", "{A192268F-63ED-4E0C-A269-AD33DE4BC5E5}"
EndProject
Project("{FAE04EC0-301F-11D3-BF4B-00C04F79EFBC}") = "ChatTranslator", "CastleForge\Mods\ChatTranslator\ChatTranslator.csproj", "{3A833303-3D95-4B58-9AD9-ABD1097C7B23}"
EndProject
Project("{FAE04EC0-301F-11D3-BF4B-00C04F79EFBC}") = "LanternLandMap", "CastleForge\Mods\LanternLandMap\LanternLandMap.csproj", "{4BE8F6B7-E1C1-46BE-86D3-5CB0184FD3F6}"
EndProject
Project("{FAE04EC0-301F-11D3-BF4B-00C04F79EFBC}") = "WorldGenPlus", "CastleForge\Mods\WorldGenPlus\WorldGenPlus.csproj", "{AB3480EC-8FBD-40DF-A7B9-0FB714E403E4}"
EndProject
Project("{FAE04EC0-301F-11D3-BF4B-00C04F79EFBC}") = "RenderDistancePlus", "CastleForge\Mods\RenderDistancePlus\RenderDistancePlus.csproj", "{7777FD8C-451D-40E7-A59B-7DABD9125D9E}"
EndProject
Project("{FAE04EC0-301F-11D3-BF4B-00C04F79EFBC}") = "Minimap", "CastleForge\Mods\Minimap\Minimap.csproj", "{AE212684-C62C-4DF4-A6E6-998A4363EFDB}"
EndProject
Project("{FAE04EC0-301F-11D3-BF4B-00C04F79EFBC}") = "RegionProtect", "CastleForge\Mods\RegionProtect\RegionProtect.csproj", "{CD812C1A-CF00-4055-BF87-65B76EDCE47B}"
EndProject
Project("{FAE04EC0-301F-11D3-BF4B-00C04F79EFBC}") = "SetHomes", "CastleForge\Mods\SetHomes\SetHomes.csproj", "{97B63599-34F1-4E76-A066-936C5877690F}"
EndProject
Project("{2150E333-8FDC-42A3-9474-1A3956D46DE8}") = "Tools", "Tools", "{EB2CCDEA-536D-4E0C-9856-4D2BF40EBD60}"
EndProject
Project("{FAE04EC0-301F-11D3-BF4B-00C04F79EFBC}") = "FbxToXnb", "CastleForge\Tools\FbxToXnb\FbxToXnb.csproj", "{4701B211-6D43-4B00-9A9E-DB618A21C126}"
EndProject
Project("{FAE04EC0-301F-11D3-BF4B-00C04F79EFBC}") = "DNA.SkinnedPipeline", "CastleForge\Tools\DNA.SkinnedPipeline\DNA.SkinnedPipeline.csproj", "{5944835D-F09D-4490-8D62-33C3763D444B}"
EndProject
Project("{FAE04EC0-301F-11D3-BF4B-00C04F79EFBC}") = "WeaponAddons", "CastleForge\Mods\WeaponAddons\WeaponAddons.csproj", "{03AE521A-4C82-495C-9F4C-0BD58C652120}"
EndProject
Project("{FAE04EC0-301F-11D3-BF4B-00C04F79EFBC}") = "DirectConnect", "CastleForge\Mods\DirectConnect\DirectConnect.csproj", "{20CCFCF9-2F98-4D44-9913-C30EF702CA12}"
EndProject
Project("{FAE04EC0-301F-11D3-BF4B-00C04F79EFBC}") = "VeinMiner", "CastleForge\Mods\VeinMiner\VeinMiner.csproj", "{01BA50B5-CB0F-4204-BC02-646824D811FD}"
EndProject
Project("{FAE04EC0-301F-11D3-BF4B-00C04F79EFBC}") = "TreeFeller", "CastleForge\Mods\TreeFeller\TreeFeller.csproj", "{E518587E-E078-490A-A457-66A377DA34C0}"
EndProject
Project("{FAE04EC0-301F-11D3-BF4B-00C04F79EFBC}") = "PhysicsEngine", "CastleForge\Mods\PhysicsEngine\PhysicsEngine.csproj", "{DB023C1B-112C-4C1F-AFED-F0E29E25ACE9}"
EndProject
Project("{2150E333-8FDC-42A3-9474-1A3956D46DE8}") = "Servers", "Servers", "{9CAF8F46-06A5-4A84-91CD-16B429534C2B}"
EndProject
Project("{FAE04EC0-301F-11D3-BF4B-00C04F79EFBC}") = "CMZServerHost", "CastleForge\Servers\CMZServerHost\CMZServerHost.csproj", "{EC59D57D-2B2F-62B8-9F67-2E2B24C3E69E}"
EndProject
Project("{FAE04EC0-301F-11D3-BF4B-00C04F79EFBC}") = "Restore360Water", "CastleForge\Mods\Restore360Water\Restore360Water.csproj", "{64D0FE4D-2CB7-47C1-8A03-868912B2D5D6}"
EndProject
Project("{FAE04EC0-301F-11D3-BF4B-00C04F79EFBC}") = "QoLTweaks", "CastleForge\Mods\QoLTweaks\QoLTweaks.csproj", "{E64AEAE6-96E7-4805-8E3A-F99F279C90F3}"
EndProject
Project("{FAE04EC0-301F-11D3-BF4B-00C04F79EFBC}") = "CMZMaterialColors", "CastleForge\Mods\CMZMaterialColors\CMZMaterialColors.csproj", "{F6B3DB07-0FBA-49A2-9B43-667508724407}"
EndProject
Project("{FAE04EC0-301F-11D3-BF4B-00C04F79EFBC}") = "ImageColorsToXml", "CastleForge\Tools\ImageColorsToXml\ImageColorsToXml.csproj", "{CC625212-E08A-4FA5-97B7-211EA15821E7}"
EndProject
Global
	GlobalSection(SolutionConfigurationPlatforms) = preSolution
		Debug|x86 = Debug|x86
		Release|x86 = Release|x86
	EndGlobalSection
	GlobalSection(ProjectConfigurationPlatforms) = postSolution
		{9EE7A8EC-3C1B-4299-B737-052F5EBC55D8}.Debug|x86.ActiveCfg = Debug|x86
		{9EE7A8EC-3C1B-4299-B737-052F5EBC55D8}.Debug|x86.Build.0 = Debug|x86
		{9EE7A8EC-3C1B-4299-B737-052F5EBC55D8}.Release|x86.ActiveCfg = Release|x86
		{9EE7A8EC-3C1B-4299-B737-052F5EBC55D8}.Release|x86.Build.0 = Release|x86
		{1A6E69B6-4CEA-4237-87DE-483F6EAD7DF5}.Debug|x86.ActiveCfg = Debug|x86
		{1A6E69B6-4CEA-4237-87DE-483F6EAD7DF5}.Debug|x86.Build.0 = Debug|x86
		{1A6E69B6-4CEA-4237-87DE-483F6EAD7DF5}.Release|x86.ActiveCfg = Release|x86
		{1A6E69B6-4CEA-4237-87DE-483F6EAD7DF5}.Release|x86.Build.0 = Release|x86
		{F3310551-1028-4447-BEB6-97DBC96C5869}.Debug|x86.ActiveCfg = Debug|x86
		{F3310551-1028-4447-BEB6-97DBC96C5869}.Debug|x86.Build.0 = Debug|x86
		{F3310551-1028-4447-BEB6-97DBC96C5869}.Release|x86.ActiveCfg = Release|x86
		{F3310551-1028-4447-BEB6-97DBC96C5869}.Release|x86.Build.0 = Release|x86
		{1D0E8C78-B07C-4757-B182-EE76F702180D}.Debug|x86.ActiveCfg = Debug|x86
		{1D0E8C78-B07C-4757-B182-EE76F702180D}.Debug|x86.Build.0 = Debug|x86
		{1D0E8C78-B07C-4757-B182-EE76F702180D}.Release|x86.ActiveCfg = Release|x86
		{1D0E8C78-B07C-4757-B182-EE76F702180D}.Release|x86.Build.0 = Release|x86
		{3A158618-3150-4314-8940-17839E4F0FE9}.Debug|x86.ActiveCfg = Debug|x86
		{3A158618-3150-4314-8940-17839E4F0FE9}.Debug|x86.Build.0 = Debug|x86
		{3A158618-3150-4314-8940-17839E4F0FE9}.Release|x86.ActiveCfg = Release|x86
		{3A158618-3150-4314-8940-17839E4F0FE9}.Release|x86.Build.0 = Release|x86
		{0C22B962-FDC9-4EFB-B8E5-F705B1212552}.Debug|x86.ActiveCfg = Debug|x86
		{0C22B962-FDC9-4EFB-B8E5-F705B1212552}.Debug|x86.Build.0 = Debug|x86
		{0C22B962-FDC9-4EFB-B8E5-F705B1212552}.Release|x86.ActiveCfg = Release|x86
		{0C22B962-FDC9-4EFB-B8E5-F705B1212552}.Release|x86.Build.0 = Release|x86
		{7766DF4B-9523-4EA6-BC8C-371526B819EB}.Debug|x86.ActiveCfg = Debug|x86
		{7766DF4B-9523-4EA6-BC8C-371526B819EB}.Debug|x86.Build.0 = Debug|x86
		{7766DF4B-9523-4EA6-BC8C-371526B819EB}.Release|x86.ActiveCfg = Release|x86
		{7766DF4B-9523-4EA6-BC8C-371526B819EB}.Release|x86.Build.0 = Release|x86
		{51648BC8-9ED3-45D0-AD36-575E5188F800}.Debug|x86.ActiveCfg = Debug|x86
		{51648BC8-9ED3-45D0-AD36-575E5188F800}.Debug|x86.Build.0 = Debug|x86
		{51648BC8-9ED3-45D0-AD36-575E5188F800}.Release|x86.ActiveCfg = Release|x86
		{51648BC8-9ED3-45D0-AD36-575E5188F800}.Release|x86.Build.0 = Release|x86
		{59F23D9D-2EA6-4E58-8740-6632554267BA}.Debug|x86.ActiveCfg = Debug|x86
		{59F23D9D-2EA6-4E58-8740-6632554267BA}.Debug|x86.Build.0 = Debug|x86
		{59F23D9D-2EA6-4E58-8740-6632554267BA}.Release|x86.ActiveCfg = Release|x86
		{59F23D9D-2EA6-4E58-8740-6632554267BA}.Release|x86.Build.0 = Release|x86
		{D0080402-73F5-46C2-B3AE-E28BD12F992D}.Debug|x86.ActiveCfg = Debug|x86
		{D0080402-73F5-46C2-B3AE-E28BD12F992D}.Debug|x86.Build.0 = Debug|x86
		{D0080402-73F5-46C2-B3AE-E28BD12F992D}.Release|x86.ActiveCfg = Release|x86
		{D0080402-73F5-46C2-B3AE-E28BD12F992D}.Release|x86.Build.0 = Release|x86
		{D27CD2C5-AADD-4B6A-80F8-8B00041D4CFD}.Debug|x86.ActiveCfg = Debug|x86
		{D27CD2C5-AADD-4B6A-80F8-8B00041D4CFD}.Debug|x86.Build.0 = Debug|x86
		{D27CD2C5-AADD-4B6A-80F8-8B00041D4CFD}.Release|x86.ActiveCfg = Release|x86
		{D27CD2C5-AADD-4B6A-80F8-8B00041D4CFD}.Release|x86.Build.0 = Release|x86
		{0937BDC7-4E06-4CD4-8C78-AE794930B606}.Debug|x86.ActiveCfg = Debug|x86
		{0937BDC7-4E06-4CD4-8C78-AE794930B606}.Debug|x86.Build.0 = Debug|x86
		{0937BDC7-4E06-4CD4-8C78-AE794930B606}.Release|x86.ActiveCfg = Release|x86
		{0937BDC7-4E06-4CD4-8C78-AE794930B606}.Release|x86.Build.0 = Release|x86
		{BB6AF0C7-DBBD-4138-87D5-1EFE764E3F47}.Debug|x86.ActiveCfg = Debug|x86
		{BB6AF0C7-DBBD-4138-87D5-1EFE764E3F47}.Debug|x86.Build.0 = Debug|x86
		{BB6AF0C7-DBBD-4138-87D5-1EFE764E3F47}.Release|x86.ActiveCfg = Release|x86
		{BB6AF0C7-DBBD-4138-87D5-1EFE764E3F47}.Release|x86.Build.0 = Release|x86
		{9B0EBC49-0874-4B4B-A9E7-F8BF2959AC5B}.Debug|x86.ActiveCfg = Debug|x86
		{9B0EBC49-0874-4B4B-A9E7-F8BF2959AC5B}.Debug|x86.Build.0 = Debug|x86
		{9B0EBC49-0874-4B4B-A9E7-F8BF2959AC5B}.Release|x86.ActiveCfg = Release|x86
		{9B0EBC49-0874-4B4B-A9E7-F8BF2959AC5B}.Release|x86.Build.0 = Release|x86
		{3DBFF608-38AD-46FF-A578-49EF0E6FD914}.Debug|x86.ActiveCfg = Debug|x86
		{3DBFF608-38AD-46FF-A578-49EF0E6FD914}.Debug|x86.Build.0 = Debug|x86
		{3DBFF608-38AD-46FF-A578-49EF0E6FD914}.Release|x86.ActiveCfg = Release|x86
		{3DBFF608-38AD-46FF-A578-49EF0E6FD914}.Release|x86.Build.0 = Release|x86
		{A192268F-63ED-4E0C-A269-AD33DE4BC5E5}.Debug|x86.ActiveCfg = Debug|x86
		{A192268F-63ED-4E0C-A269-AD33DE4BC5E5}.Debug|x86.Build.0 = Debug|x86
		{A192268F-63ED-4E0C-A269-AD33DE4BC5E5}.Release|x86.ActiveCfg = Release|x86
		{A192268F-63ED-4E0C-A269-AD33DE4BC5E5}.Release|x86.Build.0 = Release|x86
		{3A833303-3D95-4B58-9AD9-ABD1097C7B23}.Debug|x86.ActiveCfg = Debug|x86
		{3A833303-3D95-4B58-9AD9-ABD1097C7B23}.Debug|x86.Build.0 = Debug|x86
		{3A833303-3D95-4B58-9AD9-ABD1097C7B23}.Release|x86.ActiveCfg = Release|x86
		{3A833303-3D95-4B58-9AD9-ABD1097C7B23}.Release|x86.Build.0 = Release|x86
		{4BE8F6B7-E1C1-46BE-86D3-5CB0184FD3F6}.Debug|x86.ActiveCfg = Debug|x86
		{4BE8F6B7-E1C1-46BE-86D3-5CB0184FD3F6}.Debug|x86.Build.0 = Debug|x86
		{4BE8F6B7-E1C1-46BE-86D3-5CB0184FD3F6}.Release|x86.ActiveCfg = Release|x86
		{4BE8F6B7-E1C1-46BE-86D3-5CB0184FD3F6}.Release|x86.Build.0 = Release|x86
		{AB3480EC-8FBD-40DF-A7B9-0FB714E403E4}.Debug|x86.ActiveCfg = Debug|x86
		{AB3480EC-8FBD-40DF-A7B9-0FB714E403E4}.Debug|x86.Build.0 = Debug|x86
		{AB3480EC-8FBD-40DF-A7B9-0FB714E403E4}.Release|x86.ActiveCfg = Release|x86
		{AB3480EC-8FBD-40DF-A7B9-0FB714E403E4}.Release|x86.Build.0 = Release|x86
		{7777FD8C-451D-40E7-A59B-7DABD9125D9E}.Debug|x86.ActiveCfg = Debug|x86
		{7777FD8C-451D-40E7-A59B-7DABD9125D9E}.Debug|x86.Build.0 = Debug|x86
		{7777FD8C-451D-40E7-A59B-7DABD9125D9E}.Release|x86.ActiveCfg = Release|x86
		{7777FD8C-451D-40E7-A59B-7DABD9125D9E}.Release|x86.Build.0 = Release|x86
		{AE212684-C62C-4DF4-A6E6-998A4363EFDB}.Debug|x86.ActiveCfg = Debug|x86
		{AE212684-C62C-4DF4-A6E6-998A4363EFDB}.Debug|x86.Build.0 = Debug|x86
		{AE212684-C62C-4DF4-A6E6-998A4363EFDB}.Release|x86.ActiveCfg = Release|x86
		{AE212684-C62C-4DF4-A6E6-998A4363EFDB}.Release|x86.Build.0 = Release|x86
		{CD812C1A-CF00-4055-BF87-65B76EDCE47B}.Debug|x86.ActiveCfg = Debug|x86
		{CD812C1A-CF00-4055-BF87-65B76EDCE47B}.Debug|x86.Build.0 = Debug|x86
		{CD812C1A-CF00-4055-BF87-65B76EDCE47B}.Release|x86.ActiveCfg = Release|x86
		{CD812C1A-CF00-4055-BF87-65B76EDCE47B}.Release|x86.Build.0 = Release|x86
		{97B63599-34F1-4E76-A066-936C5877690F}.Debug|x86.ActiveCfg = Debug|x86
		{97B63599-34F1-4E76-A066-936C5877690F}.Debug|x86.Build.0 = Debug|x86
		{97B63599-34F1-4E76-A066-936C5877690F}.Release|x86.ActiveCfg = Release|x86
		{97B63599-34F1-4E76-A066-936C5877690F}.Release|x86.Build.0 = Release|x86
		{4701B211-6D43-4B00-9A9E-DB618A21C126}.Debug|x86.ActiveCfg = Debug|x86
		{4701B211-6D43-4B00-9A9E-DB618A21C126}.Debug|x86.Build.0 = Debug|x86
		{4701B211-6D43-4B00-9A9E-DB618A21C126}.Release|x86.ActiveCfg = Release|x86
		{4701B211-6D43-4B00-9A9E-DB618A21C126}.Release|x86.Build.0 = Release|x86
		{5944835D-F09D-4490-8D62-33C3763D444B}.Debug|x86.ActiveCfg = Debug|x86
		{5944835D-F09D-4490-8D62-33C3763D444B}.Debug|x86.Build.0 = Debug|x86
		{5944835D-F09D-4490-8D62-33C3763D444B}.Release|x86.ActiveCfg = Release|x86
		{5944835D-F09D-4490-8D62-33C3763D444B}.Release|x86.Build.0 = Release|x86
		{03AE521A-4C82-495C-9F4C-0BD58C652120}.Debug|x86.ActiveCfg = Debug|x86
		{03AE521A-4C82-495C-9F4C-0BD58C652120}.Debug|x86.Build.0 = Debug|x86
		{03AE521A-4C82-495C-9F4C-0BD58C652120}.Release|x86.ActiveCfg = Release|x86
		{03AE521A-4C82-495C-9F4C-0BD58C652120}.Release|x86.Build.0 = Release|x86
		{20CCFCF9-2F98-4D44-9913-C30EF702CA12}.Debug|x86.ActiveCfg = Debug|x86
		{20CCFCF9-2F98-4D44-9913-C30EF702CA12}.Debug|x86.Build.0 = Debug|x86
		{20CCFCF9-2F98-4D44-9913-C30EF702CA12}.Release|x86.ActiveCfg = Release|x86
		{20CCFCF9-2F98-4D44-9913-C30EF702CA12}.Release|x86.Build.0 = Release|x86
		{01BA50B5-CB0F-4204-BC02-646824D811FD}.Debug|x86.ActiveCfg = Debug|x86
		{01BA50B5-CB0F-4204-BC02-646824D811FD}.Debug|x86.Build.0 = Debug|x86
		{01BA50B5-CB0F-4204-BC02-646824D811FD}.Release|x86.ActiveCfg = Release|x86
		{01BA50B5-CB0F-4204-BC02-646824D811FD}.Release|x86.Build.0 = Release|x86
		{E518587E-E078-490A-A457-66A377DA34C0}.Debug|x86.ActiveCfg = Debug|x86
		{E518587E-E078-490A-A457-66A377DA34C0}.Debug|x86.Build.0 = Debug|x86
		{E518587E-E078-490A-A457-66A377DA34C0}.Release|x86.ActiveCfg = Release|x86
		{E518587E-E078-490A-A457-66A377DA34C0}.Release|x86.Build.0 = Release|x86
		{DB023C1B-112C-4C1F-AFED-F0E29E25ACE9}.Debug|x86.ActiveCfg = Debug|x86
		{DB023C1B-112C-4C1F-AFED-F0E29E25ACE9}.Debug|x86.Build.0 = Debug|x86
		{DB023C1B-112C-4C1F-AFED-F0E29E25ACE9}.Release|x86.ActiveCfg = Release|x86
		{DB023C1B-112C-4C1F-AFED-F0E29E25ACE9}.Release|x86.Build.0 = Release|x86
		{EC59D57D-2B2F-62B8-9F67-2E2B24C3E69E}.Debug|x86.ActiveCfg = Debug|Any CPU
		{EC59D57D-2B2F-62B8-9F67-2E2B24C3E69E}.Debug|x86.Build.0 = Debug|Any CPU
		{EC59D57D-2B2F-62B8-9F67-2E2B24C3E69E}.Release|x86.ActiveCfg = Release|Any CPU
		{EC59D57D-2B2F-62B8-9F67-2E2B24C3E69E}.Release|x86.Build.0 = Release|Any CPU
		{64D0FE4D-2CB7-47C1-8A03-868912B2D5D6}.Debug|x86.ActiveCfg = Debug|x86
		{64D0FE4D-2CB7-47C1-8A03-868912B2D5D6}.Debug|x86.Build.0 = Debug|x86
		{64D0FE4D-2CB7-47C1-8A03-868912B2D5D6}.Release|x86.ActiveCfg = Release|x86
		{64D0FE4D-2CB7-47C1-8A03-868912B2D5D6}.Release|x86.Build.0 = Release|x86
		{E64AEAE6-96E7-4805-8E3A-F99F279C90F3}.Debug|x86.ActiveCfg = Debug|x86
		{E64AEAE6-96E7-4805-8E3A-F99F279C90F3}.Debug|x86.Build.0 = Debug|x86
		{E64AEAE6-96E7-4805-8E3A-F99F279C90F3}.Release|x86.ActiveCfg = Release|x86
		{E64AEAE6-96E7-4805-8E3A-F99F279C90F3}.Release|x86.Build.0 = Release|x86
		{F6B3DB07-0FBA-49A2-9B43-667508724407}.Debug|x86.ActiveCfg = Debug|x86
		{F6B3DB07-0FBA-49A2-9B43-667508724407}.Debug|x86.Build.0 = Debug|x86
		{F6B3DB07-0FBA-49A2-9B43-667508724407}.Release|x86.ActiveCfg = Release|x86
		{F6B3DB07-0FBA-49A2-9B43-667508724407}.Release|x86.Build.0 = Release|x86
		{CC625212-E08A-4FA5-97B7-211EA15821E7}.Debug|x86.ActiveCfg = Debug|x86
		{CC625212-E08A-4FA5-97B7-211EA15821E7}.Debug|x86.Build.0 = Debug|x86
		{CC625212-E08A-4FA5-97B7-211EA15821E7}.Release|x86.ActiveCfg = Release|x86
		{CC625212-E08A-4FA5-97B7-211EA15821E7}.Release|x86.Build.0 = Release|x86
	EndGlobalSection
	GlobalSection(SolutionProperties) = preSolution
		HideSolutionNode = FALSE
	EndGlobalSection
	GlobalSection(NestedProjects) = preSolution
		{9EE7A8EC-3C1B-4299-B737-052F5EBC55D8} = {C7CF0350-E2A4-4037-869C-066081781D1C}
		{1A6E69B6-4CEA-4237-87DE-483F6EAD7DF5} = {C7CF0350-E2A4-4037-869C-066081781D1C}
		{F3310551-1028-4447-BEB6-97DBC96C5869} = {02EA681E-C7D8-13C7-8484-4AC65E1B71E8}
		{1D0E8C78-B07C-4757-B182-EE76F702180D} = {02EA681E-C7D8-13C7-8484-4AC65E1B71E8}
		{3A158618-3150-4314-8940-17839E4F0FE9} = {02EA681E-C7D8-13C7-8484-4AC65E1B71E8}
		{0C22B962-FDC9-4EFB-B8E5-F705B1212552} = {02EA681E-C7D8-13C7-8484-4AC65E1B71E8}
		{7766DF4B-9523-4EA6-BC8C-371526B819EB} = {02EA681E-C7D8-13C7-8484-4AC65E1B71E8}
		{51648BC8-9ED3-45D0-AD36-575E5188F800} = {02EA681E-C7D8-13C7-8484-4AC65E1B71E8}
		{59F23D9D-2EA6-4E58-8740-6632554267BA} = {02EA681E-C7D8-13C7-8484-4AC65E1B71E8}
		{D0080402-73F5-46C2-B3AE-E28BD12F992D} = {02EA681E-C7D8-13C7-8484-4AC65E1B71E8}
		{D27CD2C5-AADD-4B6A-80F8-8B00041D4CFD} = {02EA681E-C7D8-13C7-8484-4AC65E1B71E8}
		{0937BDC7-4E06-4CD4-8C78-AE794930B606} = {02EA681E-C7D8-13C7-8484-4AC65E1B71E8}
		{BB6AF0C7-DBBD-4138-87D5-1EFE764E3F47} = {02EA681E-C7D8-13C7-8484-4AC65E1B71E8}
		{9B0EBC49-0874-4B4B-A9E7-F8BF2959AC5B} = {02EA681E-C7D8-13C7-8484-4AC65E1B71E8}
		{3DBFF608-38AD-46FF-A578-49EF0E6FD914} = {02EA681E-C7D8-13C7-8484-4AC65E1B71E8}
		{A192268F-63ED-4E0C-A269-AD33DE4BC5E5} = {02EA681E-C7D8-13C7-8484-4AC65E1B71E8}
		{3A833303-3D95-4B58-9AD9-ABD1097C7B23} = {02EA681E-C7D8-13C7-8484-4AC65E1B71E8}
		{4BE8F6B7-E1C1-46BE-86D3-5CB0184FD3F6} = {02EA681E-C7D8-13C7-8484-4AC65E1B71E8}
		{AB3480EC-8FBD-40DF-A7B9-0FB714E403E4} = {02EA681E-C7D8-13C7-8484-4AC65E1B71E8}
		{7777FD8C-451D-40E7-A59B-7DABD9125D9E} = {02EA681E-C7D8-13C7-8484-4AC65E1B71E8}
		{AE212684-C62C-4DF4-A6E6-998A4363EFDB} = {02EA681E-C7D8-13C7-8484-4AC65E1B71E8}
		{CD812C1A-CF00-4055-BF87-65B76EDCE47B} = {02EA681E-C7D8-13C7-8484-4AC65E1B71E8}
		{97B63599-34F1-4E76-A066-936C5877690F} = {02EA681E-C7D8-13C7-8484-4AC65E1B71E8}
		{4701B211-6D43-4B00-9A9E-DB618A21C126} = {EB2CCDEA-536D-4E0C-9856-4D2BF40EBD60}
		{5944835D-F09D-4490-8D62-33C3763D444B} = {EB2CCDEA-536D-4E0C-9856-4D2BF40EBD60}
		{03AE521A-4C82-495C-9F4C-0BD58C652120} = {02EA681E-C7D8-13C7-8484-4AC65E1B71E8}
		{20CCFCF9-2F98-4D44-9913-C30EF702CA12} = {02EA681E-C7D8-13C7-8484-4AC65E1B71E8}
		{01BA50B5-CB0F-4204-BC02-646824D811FD} = {02EA681E-C7D8-13C7-8484-4AC65E1B71E8}
		{E518587E-E078-490A-A457-66A377DA34C0} = {02EA681E-C7D8-13C7-8484-4AC65E1B71E8}
		{DB023C1B-112C-4C1F-AFED-F0E29E25ACE9} = {02EA681E-C7D8-13C7-8484-4AC65E1B71E8}
		{EC59D57D-2B2F-62B8-9F67-2E2B24C3E69E} = {9CAF8F46-06A5-4A84-91CD-16B429534C2B}
		{64D0FE4D-2CB7-47C1-8A03-868912B2D5D6} = {02EA681E-C7D8-13C7-8484-4AC65E1B71E8}
		{E64AEAE6-96E7-4805-8E3A-F99F279C90F3} = {02EA681E-C7D8-13C7-8484-4AC65E1B71E8}
		{F6B3DB07-0FBA-49A2-9B43-667508724407} = {02EA681E-C7D8-13C7-8484-4AC65E1B71E8}
		{CC625212-E08A-4FA5-97B7-211EA15821E7} = {EB2CCDEA-536D-4E0C-9856-4D2BF40EBD60}
	EndGlobalSection
	GlobalSection(ExtensibilityGlobals) = postSolution
		SolutionGuid = {AF8100CF-8E04-4D2F-BADD-0513D3614907}
	EndGlobalSection
EndGlobal
